
Microsoft Visual Studio Solution File, Format Version 12.00
# Visual Studio 15
VisualStudioVersion = 15.0.28307.1831
MinimumVisualStudioVersion = 10.0.40219.1
Project("{D2ABAB84-BF74-430A-B69E-9DC6D40DDA17}") = "Airline_SSAS", "Airline_SSAS\Airline_SSAS.dwproj", "{5A5D10F2-F17A-4805-BC01-8FFFC5C109C6}"
EndProject
Global
	GlobalSection(SolutionConfigurationPlatforms) = preSolution
		Development|Default = Development|Default
	EndGlobalSection
	GlobalSection(ProjectConfigurationPlatforms) = postSolution
		{5A5D10F2-F17A-4805-BC01-8FFFC5C109C6}.Development|Default.ActiveCfg = Development
		{5A5D10F2-F17A-4805-BC01-8FFFC5C109C6}.Development|Default.Build.0 = Development
		{5A5D10F2-F17A-4805-BC01-8FFFC5C109C6}.Development|Default.Deploy.0 = Development
	EndGlobalSection
	GlobalSection(SolutionProperties) = preSolution
		HideSolutionNode = FALSE
	EndGlobalSection
	GlobalSection(ExtensibilityGlobals) = postSolution
		SolutionGuid = {151518ED-7268-478C-AB05-110B63E3895E}
	EndGlobalSection
EndGlobal
